
Microsoft Visual Studio Solution File, Format Version 12.00
# Visual Studio 15
VisualStudioVersion = 15.0.28307.489
MinimumVisualStudioVersion = 10.0.40219.1
Project("{FAE04EC0-301F-11D3-BF4B-00C04F79EFBC}") = "BloodBankMgmt", "BloodBankMgmt\BloodBankMgmt.csproj", "{D6640815-847B-4F57-9248-ACB7067A3D0E}"
EndProject
Global
	GlobalSection(SolutionConfigurationPlatforms) = preSolution
		Debug|Any CPU = Debug|Any CPU
		Release|Any CPU = Release|Any CPU
	EndGlobalSection
	GlobalSection(ProjectConfigurationPlatforms) = postSolution
		{D6640815-847B-4F57-9248-ACB7067A3D0E}.Debug|Any CPU.ActiveCfg = Debug|Any CPU
		{D6640815-847B-4F57-9248-ACB7067A3D0E}.Debug|Any CPU.Build.0 = Debug|Any CPU
		{D6640815-847B-4F57-9248-ACB7067A3D0E}.Release|Any CPU.ActiveCfg = Release|Any CPU
		{D6640815-847B-4F57-9248-ACB7067A3D0E}.Release|Any CPU.Build.0 = Release|Any CPU
	EndGlobalSection
	GlobalSection(SolutionProperties) = preSolution
		HideSolutionNode = FALSE
	EndGlobalSection
	GlobalSection(ExtensibilityGlobals) = postSolution
		SolutionGuid = {A54E1237-3AF8-4401-BE20-1CB035A20085}
	EndGlobalSection
EndGlobal
